{
  "name": "faceless-core",
  "version": "0.1.0",
  "lockfileVersion": 1,
  "requires": true,
  "dependencies": {
    "@glennsl/bs-json": {
      "version": "5.0.2",
      "resolved": "https://registry.npmjs.org/@glennsl/bs-json/-/bs-json-5.0.2.tgz",
      "integrity": "sha512-vVlHJNrhmwvhyea14YiV4L5pDLjqw1edE3GzvMxlbPPQZVhzgO3sTWrUxCpQd2gV+CkMfk4FHBYunx9nWtBoDg=="
    },
    "bisect_ppx": {
      "version": "2.4.1",
      "resolved": "https://registry.npmjs.org/bisect_ppx/-/bisect_ppx-2.4.1.tgz",
      "integrity": "sha512-U6sd2mMqg28NEBmB4NuJRUJq0aTrzVCIkv8bnbzaomIZfO0DMWZ7B8QJ5aBY46tbaIeNrvmYWylnNNaoPEWZmw=="
    },
    "bs-bastet": {
      "version": "1.2.5",
      "resolved": "https://registry.npmjs.org/bs-bastet/-/bs-bastet-1.2.5.tgz",
      "integrity": "sha512-XIMv0CpovzTXmrEnzwnY2M3MuuesbGSzs+yaFvb3NAVyIP/aLlXCRv/roH6qybDBIGwW9JjbB7lxo73yqMi1qg==",
      "requires": {
        "bisect_ppx": "^2.1.0",
        "bs-stdlib-shims": "^0.1.0"
      }
    },
    "bs-fetch": {
      "version": "0.6.1",
      "resolved": "https://registry.npmjs.org/bs-fetch/-/bs-fetch-0.6.1.tgz",
      "integrity": "sha512-meXUuqTu6quq0X7dW7DmxW8RGiKiONW3n1A9wgXx0KcWHSZuq/PA6C1NoByDiUA5VeE8tYGZ7YXh/uVAl+8pDQ=="
    },
    "bs-json": {
      "version": "1.0.1",
      "resolved": "https://registry.npmjs.org/bs-json/-/bs-json-1.0.1.tgz",
      "integrity": "sha512-0KaYGnn3CJnXwVnEWyTv9yejF991I2O118olKA4APPW8lxVt737Wu4M+UWU+GK8jjEDVb768lM/CdplvBmyy8g=="
    },
    "bs-platform": {
      "version": "7.1.1",
      "dev": true
    },
    "bs-stdlib-shims": {
      "version": "0.1.0",
      "resolved": "https://registry.npmjs.org/bs-stdlib-shims/-/bs-stdlib-shims-0.1.0.tgz",
      "integrity": "sha512-CszWow8iXOKgmzNCc5dR3kERaqzIp3f4nbV7lJF5vS9BHm70GqLlu7OBE/VCPKZ5noG1VtJAIVqIdLFqUdIRUQ=="
    },
    "denque": {
      "version": "1.4.1",
      "resolved": "https://registry.npmjs.org/denque/-/denque-1.4.1.tgz",
      "integrity": "sha512-OfzPuSZKGcgr96rf1oODnfjqBFmr1DVoc/TrItj3Ohe0Ah1C5WX5Baquw/9U9KovnQ88EqmJbD66rKYUQYN1tQ=="
    },
    "redis": {
      "version": "3.0.2",
      "resolved": "https://registry.npmjs.org/redis/-/redis-3.0.2.tgz",
      "integrity": "sha512-PNhLCrjU6vKVuMOyFu7oSP296mwBkcE6lrAjruBYG5LgdSqtRBoVQIylrMyVZD/lkF24RSNNatzvYag6HRBHjQ==",
      "requires": {
        "denque": "^1.4.1",
        "redis-commands": "^1.5.0",
        "redis-errors": "^1.2.0",
        "redis-parser": "^3.0.0"
      }
    },
    "redis-commands": {
      "version": "1.5.0",
      "resolved": "https://registry.npmjs.org/redis-commands/-/redis-commands-1.5.0.tgz",
      "integrity": "sha512-6KxamqpZ468MeQC3bkWmCB1fp56XL64D4Kf0zJSwDZbVLLm7KFkoIcHrgRvQ+sk8dnhySs7+yBg94yIkAK7aJg=="
    },
    "redis-errors": {
      "version": "1.2.0",
      "resolved": "https://registry.npmjs.org/redis-errors/-/redis-errors-1.2.0.tgz",
      "integrity": "sha1-62LSrbFeTq9GEMBK/hUpOEJQq60="
    },
    "redis-parser": {
      "version": "3.0.0",
      "resolved": "https://registry.npmjs.org/redis-parser/-/redis-parser-3.0.0.tgz",
      "integrity": "sha1-tm2CjNyv5rS4pCin3vTGvKwxyLQ=",
      "requires": {
        "redis-errors": "^1.0.0"
      }
    },
    "relude": {
      "version": "0.63.1",
      "resolved": "https://registry.npmjs.org/relude/-/relude-0.63.1.tgz",
      "integrity": "sha512-6ZSfdvIBSivTvvWca0+g99gfJwKh4yzFtxFzX1URYeJ2ZNVylOfSA6FF3oon7VOzJS9+EIOoy32xC2VjTtpzGA==",
      "requires": {
        "bisect_ppx": "^2.4.1"
      }
    },
    "ws": {
      "version": "7.3.0",
      "resolved": "https://registry.npmjs.org/ws/-/ws-7.3.0.tgz",
      "integrity": "sha512-iFtXzngZVXPGgpTlP1rBqsUK82p9tKqsWRPg5L56egiljujJT3vGAYnHANvFxBieXrTFavhzhxW52jnaWV+w2w=="
    }
  }
}
